<?xml version="1.0" encoding="utf-8"?>
<Project ToolsVersion="4.0" xmlns="http://schemas.microsoft.com/developer/msbuild/2003">
  <ItemGroup>
    <Filter Include="Source Files">
      <UniqueIdentifier>{4FC737F1-C7A5-4376-A066-2A32D752A2FF}</UniqueIdentifier>
      <Extensions>cpp;c;cc;cxx;c++;cppm;ixx;def;odl;idl;hpj;bat;asm;asmx</Extensions>
    </Filter>
    <Filter Include="Header Files">
      <UniqueIdentifier>{93995380-89BD-4b04-88EB-625FBE52EBFB}</UniqueIdentifier>
      <Extensions>h;hh;hpp;hxx;h++;hm;inl;inc;ipp;xsd</Extensions>
    </Filter>
    <Filter Include="Resource Files">
      <UniqueIdentifier>{67DA6AB6-F800-4c08-8B7A-83BB121AAD01}</UniqueIdentifier>
      <Extensions>rc;ico;cur;bmp;dlg;rc2;rct;bin;rgs;gif;jpg;jpeg;jpe;resx;tiff;tif;png;wav;mfcribbon-ms</Extensions>
    </Filter>
  </ItemGroup>
  <ItemGroup>
    <ClCompile Include="main.cpp">
      <Filter>Source Files</Filter>
    </ClCompile>
    <ClCompile Include="PoWindow.cpp">
      <Filter>Source Files</Filter>
    </ClCompile>
    <ClCompile Include="PoApp.cpp">
      <Filter>Source Files</Filter>
    </ClCompile>
    <ClCompile Include="PoVulkan.cpp">
      <Filter>Source Files</Filter>
    </ClCompile>
    <ClCompile Include="PoVulkanSwapchain.cpp">
      <Filter>Source Files</Filter>
    </ClCompile>
    <ClCompile Include="PoVulkanDevice.cpp">
      <Filter>Source Files</Filter>
    </ClCompile>
    <ClCompile Include="PoTexture.cpp">
      <Filter>Source Files</Filter>
    </ClCompile>
    <ClCompile Include="PoMesh.cpp">
      <Filter>Source Files</Filter>
    </ClCompile>
    <ClCompile Include="PoVulkanUniform.cpp">
      <Filter>Source Files</Filter>
    </ClCompile>
    <ClCompile Include="PoVulkanShader.cpp">
      <Filter>Source Files</Filter>
    </ClCompile>
    <ClCompile Include="PoGameObject.cpp">
      <Filter>Source Files</Filter>
    </ClCompile>
    <ClCompile Include="PoSlang.cpp">
      <Filter>Source Files</Filter>
    </ClCompile>
    <ClCompile Include="PoVulkanPipeline.cpp">
      <Filter>Source Files</Filter>
    </ClCompile>
  </ItemGroup>
  <ItemGroup>
    <ClInclude Include="PoWindow.h">
      <Filter>Header Files</Filter>
    </ClInclude>
    <ClInclude Include="PoApp.h">
      <Filter>Header Files</Filter>
    </ClInclude>
    <ClInclude Include="PoVulkan.h">
      <Filter>Header Files</Filter>
    </ClInclude>
    <ClInclude Include="PoGlfw.h">
      <Filter>Header Files</Filter>
    </ClInclude>
    <ClInclude Include="PoVulkanSwapchain.h">
      <Filter>Header Files</Filter>
    </ClInclude>
    <ClInclude Include="PoVulkanDevice.h">
      <Filter>Header Files</Filter>
    </ClInclude>
    <ClInclude Include="StaticVector.h">
      <Filter>Header Files</Filter>
    </ClInclude>
    <ClInclude Include="PoGlm.h">
      <Filter>Header Files</Filter>
    </ClInclude>
    <ClInclude Include="PoEngine.h">
      <Filter>Header Files</Filter>
    </ClInclude>
    <ClInclude Include="PoResourceManager.h">
      <Filter>Header Files</Filter>
    </ClInclude>
    <ClInclude Include="PoResource.h">
      <Filter>Header Files</Filter>
    </ClInclude>
    <ClInclude Include="PoTexture.h">
      <Filter>Header Files</Filter>
    </ClInclude>
    <ClInclude Include="PoMesh.h">
      <Filter>Header Files</Filter>
    </ClInclude>
    <ClInclude Include="PoVulkanUniform.h">
      <Filter>Header Files</Filter>
    </ClInclude>
    <ClInclude Include="PoVulkanShader.h">
      <Filter>Header Files</Filter>
    </ClInclude>
    <ClInclude Include="PoGameObject.h">
      <Filter>Header Files</Filter>
    </ClInclude>
    <ClInclude Include="PoTransform.h">
      <Filter>Header Files</Filter>
    </ClInclude>
    <ClInclude Include="PoCamera.h">
      <Filter>Header Files</Filter>
    </ClInclude>
    <ClInclude Include="PoMath.h">
      <Filter>Header Files</Filter>
    </ClInclude>
    <ClInclude Include="PoSlang.h">
      <Filter>Header Files</Filter>
    </ClInclude>
    <ClInclude Include="PoVulkanPipeline.h">
      <Filter>Header Files</Filter>
    </ClInclude>
  </ItemGroup>
  <ItemGroup>
    <None Include="shaders\simple_shader.vert" />
    <None Include="shaders\simple_shader.frag" />
    <None Include="shaders\compile_shaders.bat">
      <Filter>Source Files</Filter>
    </None>
    <None Include="shaders\simple_shader.geom" />
    <None Include="shaders\simple_shader.slang" />
  </ItemGroup>
  <ItemGroup>
    <Text Include="_plan.txt" />
  </ItemGroup>
</Project>